{
  "nodes": {
    "catppuccin-fish": {
      "flake": false,
      "locked": {
        "lastModified": 1715687686,
        "narHash": "sha256-shQxlyoauXJACoZWtRUbRMxmm10R8vOigXwjxBhG8ng=",
        "owner": "catppuccin",
        "repo": "fish",
        "rev": "a3b9eb5eaf2171ba1359fe98f20d226c016568cf",
        "type": "github"
      },
      "original": {
        "owner": "catppuccin",
        "repo": "fish",
        "type": "github"
      }
    },
    "doom-one": {
      "flake": false,
      "locked": {
        "lastModified": 1709833111,
        "narHash": "sha256-wm95c8Mo1TXl39xr+4gTQzBvk8oXT2RTjon5IIpAKEc=",
        "owner": "NTBBloodbath",
        "repo": "doom-one.nvim",
        "rev": "76595eec15896a5da7f4e39ceeded6ffb0f4dc38",
        "type": "github"
      },
      "original": {
        "owner": "NTBBloodbath",
        "repo": "doom-one.nvim",
        "type": "github"
      }
    },
    "kanagawa": {
      "flake": false,
      "locked": {
        "lastModified": 1716719447,
        "narHash": "sha256-NvvedijxYhXyI3se9LXb0GQDGcLBrwpF0hoDqqvSDfI=",
        "owner": "rebelot",
        "repo": "kanagawa.nvim",
        "rev": "08ed29989834f5f2606cb1ef9d5b24c5ea7b8fa5",
        "type": "github"
      },
      "original": {
        "owner": "rebelot",
        "repo": "kanagawa.nvim",
        "type": "github"
      }
    },
    "nightfox": {
      "flake": false,
      "locked": {
        "lastModified": 1714329621,
        "narHash": "sha256-ly9yavagB6A8t2plHZyNJt5tqCBq+ExEtYGKR4+9qHQ=",
        "owner": "EdenEast",
        "repo": "nightfox.nvim",
        "rev": "df75a6a94910ae47854341d6b5a6fd483192c0eb",
        "type": "github"
      },
      "original": {
        "owner": "EdenEast",
        "repo": "nightfox.nvim",
        "type": "github"
      }
    },
    "root": {
      "inputs": {
        "catppuccin-fish": "catppuccin-fish",
        "kanagawa": "kanagawa",
        "nightfox": "nightfox",
        "tokyonight": "tokyonight"
      }
    },
    "tokyonight": {
      "flake": false,
      "locked": {
        "lastModified": 1717769291,
        "narHash": "sha256-f17zYAJoDJRz2WpOraGYjJFn/7yDYcPL11sKdKR1a/s=",
        "owner": "folke",
        "repo": "tokyonight.nvim",
        "rev": "02e9028fe3560f38363c2d38f1c87e45eb04fdb3",
        "type": "github"
      },
      "original": {
        "owner": "folke",
        "repo": "tokyonight.nvim",
        "type": "github"
      }
    }
  },
  "root": "root",
  "version": 7
}
