{
  "nodes": {
    "catppuccin-fish": {
      "flake": false,
      "locked": {
        "lastModified": 1715687686,
        "narHash": "sha256-shQxlyoauXJACoZWtRUbRMxmm10R8vOigXwjxBhG8ng=",
        "owner": "catppuccin",
        "repo": "fish",
        "rev": "a3b9eb5eaf2171ba1359fe98f20d226c016568cf",
        "type": "github"
      },
      "original": {
        "owner": "catppuccin",
        "repo": "fish",
        "type": "github"
      }
    },
    "doom-one": {
      "flake": false,
      "locked": {
        "lastModified": 1709833111,
        "narHash": "sha256-wm95c8Mo1TXl39xr+4gTQzBvk8oXT2RTjon5IIpAKEc=",
        "owner": "NTBBloodbath",
        "repo": "doom-one.nvim",
        "rev": "76595eec15896a5da7f4e39ceeded6ffb0f4dc38",
        "type": "github"
      },
      "original": {
        "owner": "NTBBloodbath",
        "repo": "doom-one.nvim",
        "type": "github"
      }
    },
    "kanagawa": {
      "flake": false,
      "locked": {
        "lastModified": 1716719447,
        "narHash": "sha256-NvvedijxYhXyI3se9LXb0GQDGcLBrwpF0hoDqqvSDfI=",
        "owner": "rebelot",
        "repo": "kanagawa.nvim",
        "rev": "08ed29989834f5f2606cb1ef9d5b24c5ea7b8fa5",
        "type": "github"
      },
      "original": {
        "owner": "rebelot",
        "repo": "kanagawa.nvim",
        "type": "github"
      }
    },
    "kauz": {
      "inputs": {
        "nixpkgs": "nixpkgs"
      },
      "locked": {
        "lastModified": 1704475005,
        "narHash": "sha256-TcMv7e+6dm3soVXFaOyS097n4LA8vJ1jQJOWkpGWK14=",
        "owner": "buntec",
        "repo": "kauz",
        "rev": "0787e60bfc26996b3c943f3ac631b35336ed43e1",
        "type": "github"
      },
      "original": {
        "owner": "buntec",
        "repo": "kauz",
        "type": "github"
      }
    },
    "nightfox": {
      "flake": false,
      "locked": {
        "lastModified": 1714329621,
        "narHash": "sha256-ly9yavagB6A8t2plHZyNJt5tqCBq+ExEtYGKR4+9qHQ=",
        "owner": "EdenEast",
        "repo": "nightfox.nvim",
        "rev": "df75a6a94910ae47854341d6b5a6fd483192c0eb",
        "type": "github"
      },
      "original": {
        "owner": "EdenEast",
        "repo": "nightfox.nvim",
        "type": "github"
      }
    },
    "nixpkgs": {
      "locked": {
        "lastModified": 1700108881,
        "narHash": "sha256-+Lqybl8kj0+nD/IlAWPPG/RDTa47gff9nbei0u7BntE=",
        "owner": "NixOS",
        "repo": "nixpkgs",
        "rev": "7414e9ee0b3e9903c24d3379f577a417f0aae5f1",
        "type": "github"
      },
      "original": {
        "id": "nixpkgs",
        "type": "indirect"
      }
    },
    "root": {
      "inputs": {
        "catppuccin-fish": "catppuccin-fish",
        "kanagawa": "kanagawa",
        "kauz": "kauz",
        "nightfox": "nightfox",
        "tokyonight": "tokyonight"
      }
    },
    "tokyonight": {
      "flake": false,
      "locked": {
        "lastModified": 1717769291,
        "narHash": "sha256-f17zYAJoDJRz2WpOraGYjJFn/7yDYcPL11sKdKR1a/s=",
        "owner": "folke",
        "repo": "tokyonight.nvim",
        "rev": "02e9028fe3560f38363c2d38f1c87e45eb04fdb3",
        "type": "github"
      },
      "original": {
        "owner": "folke",
        "repo": "tokyonight.nvim",
        "type": "github"
      }
    }
  },
  "root": "root",
  "version": 7
}
