{
  "nodes": {
    "catppuccin-fish": {
      "flake": false,
      "locked": {
        "lastModified": 1698929621,
        "narHash": "sha256-Dc/zdxfzAUM5NX8PxzfljRbYvO9f9syuLO8yBr+R3qg=",
        "owner": "catppuccin",
        "repo": "fish",
        "rev": "0ce27b518e8ead555dec34dd8be3df5bd75cff8e",
        "type": "github"
      },
      "original": {
        "owner": "catppuccin",
        "repo": "fish",
        "type": "github"
      }
    },
    "kanagawa": {
      "flake": false,
      "locked": {
        "lastModified": 1696244569,
        "narHash": "sha256-pbLcomZHzC2JGKF4oII6AAm5q/dzQtNfFAZVNX74nB8=",
        "owner": "rebelot",
        "repo": "kanagawa.nvim",
        "rev": "c19b9023842697ec92caf72cd3599f7dd7be4456",
        "type": "github"
      },
      "original": {
        "owner": "rebelot",
        "repo": "kanagawa.nvim",
        "type": "github"
      }
    },
    "nightfox": {
      "flake": false,
      "locked": {
        "lastModified": 1697423658,
        "narHash": "sha256-3fIayb0Vrzgv/0yKCbbWNySmzOF0mDzZ+QBWBK64L9w=",
        "owner": "EdenEast",
        "repo": "nightfox.nvim",
        "rev": "6a6076bd678f825ffbe16ec97807793c3167f1a7",
        "type": "github"
      },
      "original": {
        "owner": "EdenEast",
        "repo": "nightfox.nvim",
        "type": "github"
      }
    },
    "root": {
      "inputs": {
        "catppuccin-fish": "catppuccin-fish",
        "kanagawa": "kanagawa",
        "nightfox": "nightfox",
        "tokyonight": "tokyonight"
      }
    },
    "tokyonight": {
      "flake": false,
      "locked": {
        "lastModified": 1698229236,
        "narHash": "sha256-axjZVZOI+WIv85FfMG+lxftDKlDIw/HzQKyJVFkL33M=",
        "owner": "folke",
        "repo": "tokyonight.nvim",
        "rev": "f247ee700b569ed43f39320413a13ba9b0aef0db",
        "type": "github"
      },
      "original": {
        "owner": "folke",
        "repo": "tokyonight.nvim",
        "type": "github"
      }
    }
  },
  "root": "root",
  "version": 7
}
